
Microsoft Visual Studio Solution File, Format Version 12.00
# Visual Studio Version 17
VisualStudioVersion = 17.7.34024.191
MinimumVisualStudioVersion = 10.0.40219.1
Project("{FAE04EC0-301F-11D3-BF4B-00C04F79EFBC}") = "ProjetMedicamentMaster", "ProjetMedicamentMaster\ProjetMedicamentMaster.csproj", "{0DC05DD9-C0F4-4578-85DD-CDF8BC635945}"
EndProject
Global
	GlobalSection(SolutionConfigurationPlatforms) = preSolution
		Debug|Any CPU = Debug|Any CPU
		Release|Any CPU = Release|Any CPU
	EndGlobalSection
	GlobalSection(ProjectConfigurationPlatforms) = postSolution
		{0DC05DD9-C0F4-4578-85DD-CDF8BC635945}.Debug|Any CPU.ActiveCfg = Debug|Any CPU
		{0DC05DD9-C0F4-4578-85DD-CDF8BC635945}.Debug|Any CPU.Build.0 = Debug|Any CPU
		{0DC05DD9-C0F4-4578-85DD-CDF8BC635945}.Release|Any CPU.ActiveCfg = Release|Any CPU
		{0DC05DD9-C0F4-4578-85DD-CDF8BC635945}.Release|Any CPU.Build.0 = Release|Any CPU
	EndGlobalSection
	GlobalSection(SolutionProperties) = preSolution
		HideSolutionNode = FALSE
	EndGlobalSection
	GlobalSection(ExtensibilityGlobals) = postSolution
		SolutionGuid = {3BAF7EF2-A3C6-4F3E-A99D-C8DC3581408D}
	EndGlobalSection
EndGlobal
